
Microsoft Visual Studio Solution File, Format Version 12.00
# Visual Studio 15
VisualStudioVersion = 15.0.27703.2042
MinimumVisualStudioVersion = 10.0.40219.1
Project("{FAE04EC0-301F-11D3-BF4B-00C04F79EFBC}") = "Greco2", "Greco2\Greco2.csproj", "{57A09F7E-2667-46AD-AECD-EA8191B59C1E}"
EndProject
Global
	GlobalSection(SolutionConfigurationPlatforms) = preSolution
		Debug|Any CPU = Debug|Any CPU
		Release|Any CPU = Release|Any CPU
	EndGlobalSection
	GlobalSection(ProjectConfigurationPlatforms) = postSolution
		{57A09F7E-2667-46AD-AECD-EA8191B59C1E}.Debug|Any CPU.ActiveCfg = Debug|Any CPU
		{57A09F7E-2667-46AD-AECD-EA8191B59C1E}.Debug|Any CPU.Build.0 = Debug|Any CPU
		{57A09F7E-2667-46AD-AECD-EA8191B59C1E}.Release|Any CPU.ActiveCfg = Release|Any CPU
		{57A09F7E-2667-46AD-AECD-EA8191B59C1E}.Release|Any CPU.Build.0 = Release|Any CPU
	EndGlobalSection
	GlobalSection(SolutionProperties) = preSolution
		HideSolutionNode = FALSE
	EndGlobalSection
	GlobalSection(ExtensibilityGlobals) = postSolution
		SolutionGuid = {0CD105F2-FE13-4427-BF94-B77A5C75182E}
		EnterpriseLibraryConfigurationToolBinariesPathV6 = packages\EnterpriseLibrary.Common.6.0.1304.0\lib\NET45;packages\EnterpriseLibrary.Data.6.0.1304.0\lib\NET45
	EndGlobalSection
EndGlobal
